
Microsoft Visual Studio Solution File, Format Version 12.00
# Visual Studio Version 17
VisualStudioVersion = 17.7.34024.191
MinimumVisualStudioVersion = 10.0.40219.1
Project("{FAE04EC0-301F-11D3-BF4B-00C04F79EFBC}") = "TestProject1", "TestProject1\TestProject1.csproj", "{CAB90D05-105F-41C9-9493-E8610BF06E84}"
EndProject
Global
	GlobalSection(SolutionConfigurationPlatforms) = preSolution
		Debug|Any CPU = Debug|Any CPU
		Release|Any CPU = Release|Any CPU
	EndGlobalSection
	GlobalSection(ProjectConfigurationPlatforms) = postSolution
		{CAB90D05-105F-41C9-9493-E8610BF06E84}.Debug|Any CPU.ActiveCfg = Debug|Any CPU
		{CAB90D05-105F-41C9-9493-E8610BF06E84}.Debug|Any CPU.Build.0 = Debug|Any CPU
		{CAB90D05-105F-41C9-9493-E8610BF06E84}.Release|Any CPU.ActiveCfg = Release|Any CPU
		{CAB90D05-105F-41C9-9493-E8610BF06E84}.Release|Any CPU.Build.0 = Release|Any CPU
	EndGlobalSection
	GlobalSection(SolutionProperties) = preSolution
		HideSolutionNode = FALSE
	EndGlobalSection
	GlobalSection(ExtensibilityGlobals) = postSolution
		SolutionGuid = {8AC93641-059E-4182-856A-A8C07E091E9B}
	EndGlobalSection
EndGlobal
